
Microsoft Visual Studio Solution File, Format Version 12.00
# Visual Studio Version 17
VisualStudioVersion = 17.0.31903.59
MinimumVisualStudioVersion = 10.0.40219.1
Project("{9A19103F-16F7-4668-BE54-9A1E7A4F7556}") = "cache-example.webapi", "cache-example.webapi\cache-example.webapi.csproj", "{233DCEF2-2154-412B-975E-A3992932777A}"
EndProject
Project("{9A19103F-16F7-4668-BE54-9A1E7A4F7556}") = "cache-example.tests", "cache-example.tests\cache-example.tests.csproj", "{0B1B65B9-1E4A-4059-8CDE-B0193AC5F192}"
EndProject
Project("{9A19103F-16F7-4668-BE54-9A1E7A4F7556}") = "cache-example.repository", "cache-example.repository\cache-example.repository.csproj", "{5DAF44DD-7026-489E-A14D-892F082F0F2E}"
EndProject
Project("{9A19103F-16F7-4668-BE54-9A1E7A4F7556}") = "cache-example.domain", "cache-example.domain\cache-example.domain.csproj", "{8F0B8BA5-CE73-4102-9072-F3332F0CDFEB}"
EndProject
Global
	GlobalSection(SolutionConfigurationPlatforms) = preSolution
		Debug|Any CPU = Debug|Any CPU
		Release|Any CPU = Release|Any CPU
	EndGlobalSection
	GlobalSection(ProjectConfigurationPlatforms) = postSolution
		{233DCEF2-2154-412B-975E-A3992932777A}.Debug|Any CPU.ActiveCfg = Debug|Any CPU
		{233DCEF2-2154-412B-975E-A3992932777A}.Debug|Any CPU.Build.0 = Debug|Any CPU
		{233DCEF2-2154-412B-975E-A3992932777A}.Release|Any CPU.ActiveCfg = Release|Any CPU
		{233DCEF2-2154-412B-975E-A3992932777A}.Release|Any CPU.Build.0 = Release|Any CPU
		{0B1B65B9-1E4A-4059-8CDE-B0193AC5F192}.Debug|Any CPU.ActiveCfg = Debug|Any CPU
		{0B1B65B9-1E4A-4059-8CDE-B0193AC5F192}.Debug|Any CPU.Build.0 = Debug|Any CPU
		{0B1B65B9-1E4A-4059-8CDE-B0193AC5F192}.Release|Any CPU.ActiveCfg = Release|Any CPU
		{0B1B65B9-1E4A-4059-8CDE-B0193AC5F192}.Release|Any CPU.Build.0 = Release|Any CPU
		{5DAF44DD-7026-489E-A14D-892F082F0F2E}.Debug|Any CPU.ActiveCfg = Debug|Any CPU
		{5DAF44DD-7026-489E-A14D-892F082F0F2E}.Debug|Any CPU.Build.0 = Debug|Any CPU
		{5DAF44DD-7026-489E-A14D-892F082F0F2E}.Release|Any CPU.ActiveCfg = Release|Any CPU
		{5DAF44DD-7026-489E-A14D-892F082F0F2E}.Release|Any CPU.Build.0 = Release|Any CPU
		{8F0B8BA5-CE73-4102-9072-F3332F0CDFEB}.Debug|Any CPU.ActiveCfg = Debug|Any CPU
		{8F0B8BA5-CE73-4102-9072-F3332F0CDFEB}.Debug|Any CPU.Build.0 = Debug|Any CPU
		{8F0B8BA5-CE73-4102-9072-F3332F0CDFEB}.Release|Any CPU.ActiveCfg = Release|Any CPU
		{8F0B8BA5-CE73-4102-9072-F3332F0CDFEB}.Release|Any CPU.Build.0 = Release|Any CPU
	EndGlobalSection
	GlobalSection(SolutionProperties) = preSolution
		HideSolutionNode = FALSE
	EndGlobalSection
	GlobalSection(ExtensibilityGlobals) = postSolution
		SolutionGuid = {258D7F73-FE79-4ACF-9C8E-ABEC0D01BA27}
	EndGlobalSection
EndGlobal
